
Microsoft Visual Studio Solution File, Format Version 12.00
# Visual Studio Version 17
VisualStudioVersion = 17.3.32804.467
MinimumVisualStudioVersion = 10.0.40219.1
Project("{FAE04EC0-301F-11D3-BF4B-00C04F79EFBC}") = "FactoryPattern-ExerciseOne", "FactoryPattern-ExerciseOne\FactoryPattern-ExerciseOne.csproj", "{F3155EBC-034B-45A1-B060-8EB6A9A8636A}"
EndProject
Global
	GlobalSection(SolutionConfigurationPlatforms) = preSolution
		Debug|Any CPU = Debug|Any CPU
		Release|Any CPU = Release|Any CPU
	EndGlobalSection
	GlobalSection(ProjectConfigurationPlatforms) = postSolution
		{F3155EBC-034B-45A1-B060-8EB6A9A8636A}.Debug|Any CPU.ActiveCfg = Debug|Any CPU
		{F3155EBC-034B-45A1-B060-8EB6A9A8636A}.Debug|Any CPU.Build.0 = Debug|Any CPU
		{F3155EBC-034B-45A1-B060-8EB6A9A8636A}.Release|Any CPU.ActiveCfg = Release|Any CPU
		{F3155EBC-034B-45A1-B060-8EB6A9A8636A}.Release|Any CPU.Build.0 = Release|Any CPU
	EndGlobalSection
	GlobalSection(SolutionProperties) = preSolution
		HideSolutionNode = FALSE
	EndGlobalSection
	GlobalSection(ExtensibilityGlobals) = postSolution
		SolutionGuid = {8B93EC8C-9516-40DB-B48C-C88E458B61A6}
	EndGlobalSection
EndGlobal
